
Microsoft Visual Studio Solution File, Format Version 12.00
# Visual Studio Version 17
VisualStudioVersion = 17.14.36414.22
MinimumVisualStudioVersion = 10.0.40219.1
Project("{FAE04EC0-301F-11D3-BF4B-00C04F79EFBC}") = "BookStoreManagement.API", "BookStoreManagement\BookStoreManagement.API.csproj", "{21DA0D3C-7EBF-420C-96DA-85004A99648F}"
EndProject
Project("{FAE04EC0-301F-11D3-BF4B-00C04F79EFBC}") = "BookStoreManagement.Core", "Models\BookStoreManagement.Core.csproj", "{F7BE3A01-FC8B-4BEB-8A42-34274ECB12AD}"
EndProject
Project("{FAE04EC0-301F-11D3-BF4B-00C04F79EFBC}") = "BookStoreManagement.Services", "Services\BookStoreManagement.Services.csproj", "{DB812CF9-BE6C-40F5-A480-2FC401E69D2C}"
EndProject
Project("{FAE04EC0-301F-11D3-BF4B-00C04F79EFBC}") = "BookStoreManagement.Infra", "BookStoreManagement.Infra\BookStoreManagement.Infra.csproj", "{2D4C80D8-4CDF-41D1-A19F-CD918432B083}"
EndProject
Global
	GlobalSection(SolutionConfigurationPlatforms) = preSolution
		Debug|Any CPU = Debug|Any CPU
		Release|Any CPU = Release|Any CPU
	EndGlobalSection
	GlobalSection(ProjectConfigurationPlatforms) = postSolution
		{21DA0D3C-7EBF-420C-96DA-85004A99648F}.Debug|Any CPU.ActiveCfg = Debug|Any CPU
		{21DA0D3C-7EBF-420C-96DA-85004A99648F}.Debug|Any CPU.Build.0 = Debug|Any CPU
		{21DA0D3C-7EBF-420C-96DA-85004A99648F}.Release|Any CPU.ActiveCfg = Release|Any CPU
		{21DA0D3C-7EBF-420C-96DA-85004A99648F}.Release|Any CPU.Build.0 = Release|Any CPU
		{F7BE3A01-FC8B-4BEB-8A42-34274ECB12AD}.Debug|Any CPU.ActiveCfg = Debug|Any CPU
		{F7BE3A01-FC8B-4BEB-8A42-34274ECB12AD}.Debug|Any CPU.Build.0 = Debug|Any CPU
		{F7BE3A01-FC8B-4BEB-8A42-34274ECB12AD}.Release|Any CPU.ActiveCfg = Release|Any CPU
		{F7BE3A01-FC8B-4BEB-8A42-34274ECB12AD}.Release|Any CPU.Build.0 = Release|Any CPU
		{DB812CF9-BE6C-40F5-A480-2FC401E69D2C}.Debug|Any CPU.ActiveCfg = Debug|Any CPU
		{DB812CF9-BE6C-40F5-A480-2FC401E69D2C}.Debug|Any CPU.Build.0 = Debug|Any CPU
		{DB812CF9-BE6C-40F5-A480-2FC401E69D2C}.Release|Any CPU.ActiveCfg = Release|Any CPU
		{DB812CF9-BE6C-40F5-A480-2FC401E69D2C}.Release|Any CPU.Build.0 = Release|Any CPU
		{2D4C80D8-4CDF-41D1-A19F-CD918432B083}.Debug|Any CPU.ActiveCfg = Debug|Any CPU
		{2D4C80D8-4CDF-41D1-A19F-CD918432B083}.Debug|Any CPU.Build.0 = Debug|Any CPU
		{2D4C80D8-4CDF-41D1-A19F-CD918432B083}.Release|Any CPU.ActiveCfg = Release|Any CPU
		{2D4C80D8-4CDF-41D1-A19F-CD918432B083}.Release|Any CPU.Build.0 = Release|Any CPU
	EndGlobalSection
	GlobalSection(SolutionProperties) = preSolution
		HideSolutionNode = FALSE
	EndGlobalSection
	GlobalSection(ExtensibilityGlobals) = postSolution
		SolutionGuid = {A0899674-FFF2-46CD-AB03-61093FF62EF3}
	EndGlobalSection
EndGlobal
